// !$*UTF8*$!
{
	archiveVersion = 1;
	classes = {
	};
	objectVersion = 56;
	objects = {

/* Begin PBXBuildFile section */
		724B082B2A359D59007705A1 /* GoogleService-Info.plist in Resources */ = {isa = PBXBuildFile; fileRef = 724B082A2A359D59007705A1 /* GoogleService-Info.plist */; };
		724B082E2A359EB7007705A1 /* FirebaseAnalytics in Frameworks */ = {isa = PBXBuildFile; productRef = 724B082D2A359EB7007705A1 /* FirebaseAnalytics */; };
		724B08302A359EB7007705A1 /* FirebaseAnalyticsSwift in Frameworks */ = {isa = PBXBuildFile; productRef = 724B082F2A359EB7007705A1 /* FirebaseAnalyticsSwift */; };
		72EC1BD62A34413E00A0BB02 /* Firebase_ConnectionApp.swift in Sources */ = {isa = PBXBuildFile; fileRef = 72EC1BD52A34413E00A0BB02 /* Firebase_ConnectionApp.swift */; };
		72EC1BD82A34413E00A0BB02 /* ContentView.swift in Sources */ = {isa = PBXBuildFile; fileRef = 72EC1BD72A34413E00A0BB02 /* ContentView.swift */; };
		72EC1BDA2A34414300A0BB02 /* Assets.xcassets in Resources */ = {isa = PBXBuildFile; fileRef = 72EC1BD92A34414300A0BB02 /* Assets.xcassets */; };
		72EC1BDD2A34414300A0BB02 /* Preview Assets.xcassets in Resources */ = {isa = PBXBuildFile; fileRef = 72EC1BDC2A34414300A0BB02 /* Preview Assets.xcassets */; };
/* End PBXBuildFile section */

/* Begin PBXFileReference section */
		724B082A2A359D59007705A1 /* GoogleService-Info.plist */ = {isa = PBXFileReference; fileEncoding = 4; lastKnownFileType = text.plist.xml; name = "GoogleService-Info.plist"; path = "../../../../Downloads/GoogleService-Info.plist"; sourceTree = "<group>"; };
		72EC1BD22A34413E00A0BB02 /* Firebase Connection.app */ = {isa = PBXFileReference; explicitFileType = wrapper.application; includeInIndex = 0; path = "Firebase Connection.app"; sourceTree = BUILT_PRODUCTS_DIR; };
		72EC1BD52A34413E00A0BB02 /* Firebase_ConnectionApp.swift */ = {isa = PBXFileReference; lastKnownFileType = sourcecode.swift; path = Firebase_ConnectionApp.swift; sourceTree = "<group>"; };
		72EC1BD72A34413E00A0BB02 /* ContentView.swift */ = {isa = PBXFileReference; lastKnownFileType = sourcecode.swift; path = ContentView.swift; sourceTree = "<group>"; };
		72EC1BD92A34414300A0BB02 /* Assets.xcassets */ = {isa = PBXFileReference; lastKnownFileType = folder.assetcatalog; path = Assets.xcassets; sourceTree = "<group>"; };
		72EC1BDC2A34414300A0BB02 /* Preview Assets.xcassets */ = {isa = PBXFileReference; lastKnownFileType = folder.assetcatalog; path = "Preview Assets.xcassets"; sourceTree = "<group>"; };
/* End PBXFileReference section */

/* Begin PBXFrameworksBuildPhase section */
		72EC1BCF2A34413E00A0BB02 /* Frameworks */ = {
			isa = PBXFrameworksBuildPhase;
			buildActionMask = 2147483647;
			files = (
				724B08302A359EB7007705A1 /* FirebaseAnalyticsSwift in Frameworks */,
				724B082E2A359EB7007705A1 /* FirebaseAnalytics in Frameworks */,
			);
			runOnlyForDeploymentPostprocessing = 0;
		};
/* End PBXFrameworksBuildPhase section */

/* Begin PBXGroup section */
		72EC1BC92A34413E00A0BB02 = {
			isa = PBXGroup;
			children = (
				72EC1BD42A34413E00A0BB02 /* Firebase Connection */,
				72EC1BD32A34413E00A0BB02 /* Products */,
			);
			sourceTree = "<group>";
		};
		72EC1BD32A34413E00A0BB02 /* Products */ = {
			isa = PBXGroup;
			children = (
				72EC1BD22A34413E00A0BB02 /* Firebase Connection.app */,
			);
			name = Products;
			sourceTree = "<group>";
		};
		72EC1BD42A34413E00A0BB02 /* Firebase Connection */ = {
			isa = PBXGroup;
			children = (
				72EC1BD52A34413E00A0BB02 /* Firebase_ConnectionApp.swift */,
				724B082A2A359D59007705A1 /* GoogleService-Info.plist */,
				72EC1BD72A34413E00A0BB02 /* ContentView.swift */,
				72EC1BD92A34414300A0BB02 /* Assets.xcassets */,
				72EC1BDB2A34414300A0BB02 /* Preview Content */,
			);
			path = "Firebase Connection";
			sourceTree = "<group>";
		};
		72EC1BDB2A34414300A0BB02 /* Preview Content */ = {
			isa = PBXGroup;
			children = (
				72EC1BDC2A34414300A0BB02 /* Preview Assets.xcassets */,
			);
			path = "Preview Content";
			sourceTree = "<group>";
		};
/* End PBXGroup section */

/* Begin PBXNativeTarget section */
		72EC1BD12A34413E00A0BB02 /* Firebase Connection */ = {
			isa = PBXNativeTarget;
			buildConfigurationList = 72EC1BE02A34414300A0BB02 /* Build configuration list for PBXNativeTarget "Firebase Connection" */;
			buildPhases = (
				72EC1BCE2A34413E00A0BB02 /* Sources */,
				72EC1BCF2A34413E00A0BB02 /* Frameworks */,
				72EC1BD02A34413E00A0BB02 /* Resources */,
			);
			buildRules = (
			);
			dependencies = (
			);
			name = "Firebase Connection";
			packageProductDependencies = (
				724B082D2A359EB7007705A1 /* FirebaseAnalytics */,
				724B082F2A359EB7007705A1 /* FirebaseAnalyticsSwift */,
			);
			productName = "Firebase Connection";
			productReference = 72EC1BD22A34413E00A0BB02 /* Firebase Connection.app */;
			productType = "com.apple.product-type.application";
		};
/* End PBXNativeTarget section */

/* Begin PBXProject section */
		72EC1BCA2A34413E00A0BB02 /* Project object */ = {
			isa = PBXProject;
			attributes = {
				BuildIndependentTargetsInParallel = 1;
				LastSwiftUpdateCheck = 1430;
				LastUpgradeCheck = 1430;
				TargetAttributes = {
					72EC1BD12A34413E00A0BB02 = {
						CreatedOnToolsVersion = 14.3;
					};
				};
			};
			buildConfigurationList = 72EC1BCD2A34413E00A0BB02 /* Build configuration list for PBXProject "Firebase Connection" */;
			compatibilityVersion = "Xcode 14.0";
			developmentRegion = en;
			hasScannedForEncodings = 0;
			knownRegions = (
				en,
				Base,
			);
			mainGroup = 72EC1BC92A34413E00A0BB02;
			packageReferences = (
				724B082C2A359EB7007705A1 /* XCRemoteSwiftPackageReference "firebase-ios-sdk" */,
			);
			productRefGroup = 72EC1BD32A34413E00A0BB02 /* Products */;
			projectDirPath = "";
			projectRoot = "";
			targets = (
				72EC1BD12A34413E00A0BB02 /* Firebase Connection */,
			);
		};
/* End PBXProject section */

/* Begin PBXResourcesBuildPhase section */
		72EC1BD02A34413E00A0BB02 /* Resources */ = {
			isa = PBXResourcesBuildPhase;
			buildActionMask = 2147483647;
			files = (
				72EC1BDD2A34414300A0BB02 /* Preview Assets.xcassets in Resources */,
				72EC1BDA2A34414300A0BB02 /* Assets.xcassets in Resources */,
				724B082B2A359D59007705A1 /* GoogleService-Info.plist in Resources */,
			);
			runOnlyForDeploymentPostprocessing = 0;
		};
/* End PBXResourcesBuildPhase section */

/* Begin PBXSourcesBuildPhase section */
		72EC1BCE2A34413E00A0BB02 /* Sources */ = {
			isa = PBXSourcesBuildPhase;
			buildActionMask = 2147483647;
			files = (
				72EC1BD82A34413E00A0BB02 /* ContentView.swift in Sources */,
				72EC1BD62A34413E00A0BB02 /* Firebase_ConnectionApp.swift in Sources */,
			);
			runOnlyForDeploymentPostprocessing = 0;
		};
/* End PBXSourcesBuildPhase section */

/* Begin XCBuildConfiguration section */
		72EC1BDE2A34414300A0BB02 /* Debug */ = {
			isa = XCBuildConfiguration;
			buildSettings = {
				ALWAYS_SEARCH_USER_PATHS = NO;
				CLANG_ANALYZER_NONNULL = YES;
				CLANG_ANALYZER_NUMBER_OBJECT_CONVERSION = YES_AGGRESSIVE;
				CLANG_CXX_LANGUAGE_STANDARD = "gnu++20";
				CLANG_ENABLE_MODULES = YES;
				CLANG_ENABLE_OBJC_ARC = YES;
				CLANG_ENABLE_OBJC_WEAK = YES;
				CLANG_WARN_BLOCK_CAPTURE_AUTORELEASING = YES;
				CLANG_WARN_BOOL_CONVERSION = YES;
				CLANG_WARN_COMMA = YES;
				CLANG_WARN_CONSTANT_CONVERSION = YES;
				CLANG_WARN_DEPRECATED_OBJC_IMPLEMENTATIONS = YES;
				CLANG_WARN_DIRECT_OBJC_ISA_USAGE = YES_ERROR;
				CLANG_WARN_DOCUMENTATION_COMMENTS = YES;
				CLANG_WARN_EMPTY_BODY = YES;
				CLANG_WARN_ENUM_CONVERSION = YES;
				CLANG_WARN_INFINITE_RECURSION = YES;
				CLANG_WARN_INT_CONVERSION = YES;
				CLANG_WARN_NON_LITERAL_NULL_CONVERSION = YES;
				CLANG_WARN_OBJC_IMPLICIT_RETAIN_SELF = YES;
				CLANG_WARN_OBJC_LITERAL_CONVERSION = YES;
				CLANG_WARN_OBJC_ROOT_CLASS = YES_ERROR;
				CLANG_WARN_QUOTED_INCLUDE_IN_FRAMEWORK_HEADER = YES;
				CLANG_WARN_RANGE_LOOP_ANALYSIS = YES;
				CLANG_WARN_STRICT_PROTOTYPES = YES;
				CLANG_WARN_SUSPICIOUS_MOVE = YES;
				CLANG_WARN_UNGUARDED_AVAILABILITY = YES_AGGRESSIVE;
				CLANG_WARN_UNREACHABLE_CODE = YES;
				CLANG_WARN__DUPLICATE_METHOD_MATCH = YES;
				COPY_PHASE_STRIP = NO;
				DEBUG_INFORMATION_FORMAT = dwarf;
				ENABLE_STRICT_OBJC_MSGSEND = YES;
				ENABLE_TESTABILITY = YES;
				GCC_C_LANGUAGE_STANDARD = gnu11;
				GCC_DYNAMIC_NO_PIC = NO;
				GCC_NO_COMMON_BLOCKS = YES;
				GCC_OPTIMIZATION_LEVEL = 0;
				GCC_PREPROCESSOR_DEFINITIONS = (
					"DEBUG=1",
					"$(inherited)",
				);
				GCC_WARN_64_TO_32_BIT_CONVERSION = YES;
				GCC_WARN_ABOUT_RETURN_TYPE = YES_ERROR;
				GCC_WARN_UNDECLARED_SELECTOR = YES;
				GCC_WARN_UNINITIALIZED_AUTOS = YES_AGGRESSIVE;
				GCC_WARN_UNUSED_FUNCTION = YES;
				GCC_WARN_UNUSED_VARIABLE = YES;
				IPHONEOS_DEPLOYMENT_TARGET = 16.4;
				MTL_ENABLE_DEBUG_INFO = INCLUDE_SOURCE;
				MTL_FAST_MATH = YES;
				ONLY_ACTIVE_ARCH = YES;
				SDKROOT = iphoneos;
				SWIFT_ACTIVE_COMPILATION_CONDITIONS = DEBUG;
				SWIFT_OPTIMIZATION_LEVEL = "-Onone";
			};
			name = Debug;
		};
		72EC1BDF2A34414300A0BB02 /* Release */ = {
			isa = XCBuildConfiguration;
			buildSettings = {
				ALWAYS_SEARCH_USER_PATHS = NO;
				CLANG_ANALYZER_NONNULL = YES;
				CLANG_ANALYZER_NUMBER_OBJECT_CONVERSION = YES_AGGRESSIVE;
				CLANG_CXX_LANGUAGE_STANDARD = "gnu++20";
				CLANG_ENABLE_MODULES = YES;
				CLANG_ENABLE_OBJC_ARC = YES;
				CLANG_ENABLE_OBJC_WEAK = YES;
				CLANG_WARN_BLOCK_CAPTURE_AUTORELEASING = YES;
				CLANG_WARN_BOOL_CONVERSION = YES;
				CLANG_WARN_COMMA = YES;
				CLANG_WARN_CONSTANT_CONVERSION = YES;
				CLANG_WARN_DEPRECATED_OBJC_IMPLEMENTATIONS = YES;
				CLANG_WARN_DIRECT_OBJC_ISA_USAGE = YES_ERROR;
				CLANG_WARN_DOCUMENTATION_COMMENTS = YES;
				CLANG_WARN_EMPTY_BODY = YES;
				CLANG_WARN_ENUM_CONVERSION = YES;
				CLANG_WARN_INFINITE_RECURSION = YES;
				CLANG_WARN_INT_CONVERSION = YES;
				CLANG_WARN_NON_LITERAL_NULL_CONVERSION = YES;
				CLANG_WARN_OBJC_IMPLICIT_RETAIN_SELF = YES;
				CLANG_WARN_OBJC_LITERAL_CONVERSION = YES;
				CLANG_WARN_OBJC_ROOT_CLASS = YES_ERROR;
				CLANG_WARN_QUOTED_INCLUDE_IN_FRAMEWORK_HEADER = YES;
				CLANG_WARN_RANGE_LOOP_ANALYSIS = YES;
				CLANG_WARN_STRICT_PROTOTYPES = YES;
				CLANG_WARN_SUSPICIOUS_MOVE = YES;
				CLANG_WARN_UNGUARDED_AVAILABILITY = YES_AGGRESSIVE;
				CLANG_WARN_UNREACHABLE_CODE = YES;
				CLANG_WARN__DUPLICATE_METHOD_MATCH = YES;
				COPY_PHASE_STRIP = NO;
				DEBUG_INFORMATION_FORMAT = "dwarf-with-dsym";
				ENABLE_NS_ASSERTIONS = NO;
				ENABLE_STRICT_OBJC_MSGSEND = YES;
				GCC_C_LANGUAGE_STANDARD = gnu11;
				GCC_NO_COMMON_BLOCKS = YES;
				GCC_WARN_64_TO_32_BIT_CONVERSION = YES;
				GCC_WARN_ABOUT_RETURN_TYPE = YES_ERROR;
				GCC_WARN_UNDECLARED_SELECTOR = YES;
				GCC_WARN_UNINITIALIZED_AUTOS = YES_AGGRESSIVE;
				GCC_WARN_UNUSED_FUNCTION = YES;
				GCC_WARN_UNUSED_VARIABLE = YES;
				IPHONEOS_DEPLOYMENT_TARGET = 16.4;
				MTL_ENABLE_DEBUG_INFO = NO;
				MTL_FAST_MATH = YES;
				SDKROOT = iphoneos;
				SWIFT_COMPILATION_MODE = wholemodule;
				SWIFT_OPTIMIZATION_LEVEL = "-O";
				VALIDATE_PRODUCT = YES;
			};
			name = Release;
		};
		72EC1BE12A34414300A0BB02 /* Debug */ = {
			isa = XCBuildConfiguration;
			buildSettings = {
				ASSETCATALOG_COMPILER_APPICON_NAME = AppIcon;
				ASSETCATALOG_COMPILER_GLOBAL_ACCENT_COLOR_NAME = AccentColor;
				CODE_SIGN_STYLE = Automatic;
				CURRENT_PROJECT_VERSION = 1;
				DEVELOPMENT_ASSET_PATHS = "\"Firebase Connection/Preview Content\"";
				DEVELOPMENT_TEAM = RS9U7K9J88;
				ENABLE_PREVIEWS = YES;
				GENERATE_INFOPLIST_FILE = YES;
				INFOPLIST_KEY_UIApplicationSceneManifest_Generation = YES;
				INFOPLIST_KEY_UIApplicationSupportsIndirectInputEvents = YES;
				INFOPLIST_KEY_UILaunchScreen_Generation = YES;
				INFOPLIST_KEY_UISupportedInterfaceOrientations_iPad = "UIInterfaceOrientationPortrait UIInterfaceOrientationPortraitUpsideDown UIInterfaceOrientationLandscapeLeft UIInterfaceOrientationLandscapeRight";
				INFOPLIST_KEY_UISupportedInterfaceOrientations_iPhone = "UIInterfaceOrientationPortrait UIInterfaceOrientationLandscapeLeft UIInterfaceOrientationLandscapeRight";
				LD_RUNPATH_SEARCH_PATHS = (
					"$(inherited)",
					"@executable_path/Frameworks",
				);
				MARKETING_VERSION = 1.0;
				PRODUCT_BUNDLE_IDENTIFIER = "vithushanlogan.Firebase-Connection";
				PRODUCT_NAME = "$(TARGET_NAME)";
				SWIFT_EMIT_LOC_STRINGS = YES;
				SWIFT_VERSION = 5.0;
				TARGETED_DEVICE_FAMILY = "1,2";
			};
			name = Debug;
		};
		72EC1BE22A34414300A0BB02 /* Release */ = {
			isa = XCBuildConfiguration;
			buildSettings = {
				ASSETCATALOG_COMPILER_APPICON_NAME = AppIcon;
				ASSETCATALOG_COMPILER_GLOBAL_ACCENT_COLOR_NAME = AccentColor;
				CODE_SIGN_STYLE = Automatic;
				CURRENT_PROJECT_VERSION = 1;
				DEVELOPMENT_ASSET_PATHS = "\"Firebase Connection/Preview Content\"";
				DEVELOPMENT_TEAM = RS9U7K9J88;
				ENABLE_PREVIEWS = YES;
				GENERATE_INFOPLIST_FILE = YES;
				INFOPLIST_KEY_UIApplicationSceneManifest_Generation = YES;
				INFOPLIST_KEY_UIApplicationSupportsIndirectInputEvents = YES;
				INFOPLIST_KEY_UILaunchScreen_Generation = YES;
				INFOPLIST_KEY_UISupportedInterfaceOrientations_iPad = "UIInterfaceOrientationPortrait UIInterfaceOrientationPortraitUpsideDown UIInterfaceOrientationLandscapeLeft UIInterfaceOrientationLandscapeRight";
				INFOPLIST_KEY_UISupportedInterfaceOrientations_iPhone = "UIInterfaceOrientationPortrait UIInterfaceOrientationLandscapeLeft UIInterfaceOrientationLandscapeRight";
				LD_RUNPATH_SEARCH_PATHS = (
					"$(inherited)",
					"@executable_path/Frameworks",
				);
				MARKETING_VERSION = 1.0;
				PRODUCT_BUNDLE_IDENTIFIER = "vithushanlogan.Firebase-Connection";
				PRODUCT_NAME = "$(TARGET_NAME)";
				SWIFT_EMIT_LOC_STRINGS = YES;
				SWIFT_VERSION = 5.0;
				TARGETED_DEVICE_FAMILY = "1,2";
			};
			name = Release;
		};
/* End XCBuildConfiguration section */

/* Begin XCConfigurationList section */
		72EC1BCD2A34413E00A0BB02 /* Build configuration list for PBXProject "Firebase Connection" */ = {
			isa = XCConfigurationList;
			buildConfigurations = (
				72EC1BDE2A34414300A0BB02 /* Debug */,
				72EC1BDF2A34414300A0BB02 /* Release */,
			);
			defaultConfigurationIsVisible = 0;
			defaultConfigurationName = Release;
		};
		72EC1BE02A34414300A0BB02 /* Build configuration list for PBXNativeTarget "Firebase Connection" */ = {
			isa = XCConfigurationList;
			buildConfigurations = (
				72EC1BE12A34414300A0BB02 /* Debug */,
				72EC1BE22A34414300A0BB02 /* Release */,
			);
			defaultConfigurationIsVisible = 0;
			defaultConfigurationName = Release;
		};
/* End XCConfigurationList section */

/* Begin XCRemoteSwiftPackageReference section */
		724B082C2A359EB7007705A1 /* XCRemoteSwiftPackageReference "firebase-ios-sdk" */ = {
			isa = XCRemoteSwiftPackageReference;
			repositoryURL = "https://github.com/firebase/firebase-ios-sdk";
			requirement = {
				kind = exactVersion;
				version = 10.4.0;
			};
		};
/* End XCRemoteSwiftPackageReference section */

/* Begin XCSwiftPackageProductDependency section */
		724B082D2A359EB7007705A1 /* FirebaseAnalytics */ = {
			isa = XCSwiftPackageProductDependency;
			package = 724B082C2A359EB7007705A1 /* XCRemoteSwiftPackageReference "firebase-ios-sdk" */;
			productName = FirebaseAnalytics;
		};
		724B082F2A359EB7007705A1 /* FirebaseAnalyticsSwift */ = {
			isa = XCSwiftPackageProductDependency;
			package = 724B082C2A359EB7007705A1 /* XCRemoteSwiftPackageReference "firebase-ios-sdk" */;
			productName = FirebaseAnalyticsSwift;
		};
/* End XCSwiftPackageProductDependency section */
	};
	rootObject = 72EC1BCA2A34413E00A0BB02 /* Project object */;
}
